Microsoft Visual Studio Solution File, Format Version 12.00
# Visual Studio Version 17
VisualStudioVersion = 17.2.32616.157
MinimumVisualStudioVersion = 17.2.32616.157
Project("{2150E333-8FDC-42A3-9474-1A3956D46DE8}") = "Behavioral", "Behavioral", "{90B39999-651E-4B27-8D72-6357FCAC082D}"
EndProject
Project("{2150E333-8FDC-42A3-9474-1A3956D46DE8}") = "Creational", "Creational", "{00D45C80-9DE2-4734-8E6F-76E66CDBB0E0}"
EndProject
Project("{2150E333-8FDC-42A3-9474-1A3956D46DE8}") = "Structural", "Structural", "{2B0DB804-35E8-4347-8571-BA123C39FFD1}"
EndProject
Project("{FAE04EC0-301F-11D3-BF4B-00C04F79EFBC}") = "ChainOfResponsibility", "Behavioral\ChainOfResponsibility\ChainOfResponsibility.csproj", "{E64340BC-F7A6-4AD7-88E9-CE04FA9FB25D}"
EndProject
Project("{FAE04EC0-301F-11D3-BF4B-00C04F79EFBC}") = "Command", "Behavioral\Command\Command.csproj", "{CDE38180-2724-457D-9374-04A5F347F005}"
EndProject
Project("{FAE04EC0-301F-11D3-BF4B-00C04F79EFBC}") = "Interpreter", "Behavioral\Interpreter\Interpreter.csproj", "{E06496E0-EF58-47D3-9726-6889117B1951}"
EndProject
Project("{FAE04EC0-301F-11D3-BF4B-00C04F79EFBC}") = "Iterator", "Behavioral\Iterator\Iterator.csproj", "{8604DA06-16F4-44FF-9C6F-0D286A8E6632}"
EndProject
Project("{FAE04EC0-301F-11D3-BF4B-00C04F79EFBC}") = "Mediator", "Behavioral\Mediator\Mediator.csproj", "{2D33A5A4-D2B3-4CF6-9C5E-B7BD4FEE30C4}"
EndProject
Project("{FAE04EC0-301F-11D3-BF4B-00C04F79EFBC}") = "Memento", "Behavioral\Memento\Memento.csproj", "{7D6541CE-527C-45F7-9AE6-E809A3E68900}"
EndProject
Project("{FAE04EC0-301F-11D3-BF4B-00C04F79EFBC}") = "Observer", "Behavioral\Observer\Observer.csproj", "{39CCF17B-32F4-43E5-83D1-57E3AE0A7112}"
EndProject
Project("{FAE04EC0-301F-11D3-BF4B-00C04F79EFBC}") = "State", "Behavioral\State\State.csproj", "{04E5876F-AD0B-4636-B3A0-0179BFED8F97}"
EndProject
Project("{FAE04EC0-301F-11D3-BF4B-00C04F79EFBC}") = "Strategy", "Behavioral\Strategy\Strategy.csproj", "{20C7B7B5-5CC4-4F4D-9B8C-759E18F967DE}"
EndProject
Project("{FAE04EC0-301F-11D3-BF4B-00C04F79EFBC}") = "TemplateMethod", "Behavioral\TemplateMethod\TemplateMethod.csproj", "{28BF0FA9-6708-4F10-95EE-258D5811A3DD}"
EndProject
Project("{FAE04EC0-301F-11D3-BF4B-00C04F79EFBC}") = "Visitor", "Behavioral\Visitor\Visitor.csproj", "{B74F72E8-A37F-4724-852F-BF659396031B}"
EndProject
Project("{FAE04EC0-301F-11D3-BF4B-00C04F79EFBC}") = "AbstractFactory", "Creational\AbstractFactory\AbstractFactory.csproj", "{87A39265-22D3-4E5E-BFD2-F9A1221ACC36}"
EndProject
Project("{FAE04EC0-301F-11D3-BF4B-00C04F79EFBC}") = "Builder", "Creational\Builder\Builder.csproj", "{0A0254A3-62BD-45DE-9AE6-806C9A83CD1A}"
EndProject
Project("{FAE04EC0-301F-11D3-BF4B-00C04F79EFBC}") = "FactoryMethod", "Creational\FactoryMethod\FactoryMethod.csproj", "{4489634F-67AA-40D1-B0A6-592293ADAF77}"
EndProject
Project("{FAE04EC0-301F-11D3-BF4B-00C04F79EFBC}") = "Prototype", "Creational\Prototype\Prototype.csproj", "{DB73A0FF-CFC8-4267-BDF1-23A8F44D9E2D}"
EndProject
Project("{FAE04EC0-301F-11D3-BF4B-00C04F79EFBC}") = "Singleton", "Creational\Singleton\Singleton.csproj", "{F1F28673-726B-4FF2-93AF-C3170482ABBD}"
EndProject
Project("{FAE04EC0-301F-11D3-BF4B-00C04F79EFBC}") = "Adapter", "Structural\Adapter\Adapter.csproj", "{F4E31110-07C8-4364-A788-C8F87E9DE17D}"
EndProject
Project("{FAE04EC0-301F-11D3-BF4B-00C04F79EFBC}") = "Bridge", "Structural\Bridge\Bridge.csproj", "{30FF00AC-1291-42BF-969B-BCBFE1AB0926}"
EndProject
Project("{FAE04EC0-301F-11D3-BF4B-00C04F79EFBC}") = "Composite", "Structural\Composite\Composite.csproj", "{2532D203-14DA-4777-ADB9-CECF4B10B462}"
EndProject
Project("{FAE04EC0-301F-11D3-BF4B-00C04F79EFBC}") = "Decorator", "Structural\Decorator\Decorator.csproj", "{18264CBD-8B53-473F-8F75-2C78F538EAB7}"
EndProject
Project("{FAE04EC0-301F-11D3-BF4B-00C04F79EFBC}") = "Facade", "Structural\Facade\Facade.csproj", "{B8D54DB3-A079-44DE-B49F-84792D3DCF4E}"
EndProject
Project("{FAE04EC0-301F-11D3-BF4B-00C04F79EFBC}") = "Flyweight", "Structural\Flyweight\Flyweight.csproj", "{19AE23C9-B661-4940-B243-DFA04A4F74F3}"
EndProject
Project("{FAE04EC0-301F-11D3-BF4B-00C04F79EFBC}") = "Proxy", "Structural\Proxy\Proxy.csproj", "{5ABC7F53-FB3B-41EB-8218-475A2CF5A66E}"
EndProject
Global
	GlobalSection(SolutionConfigurationPlatforms) = preSolution
		Debug|Any CPU = Debug|Any CPU
		Release|Any CPU = Release|Any CPU
	EndGlobalSection
	GlobalSection(ProjectConfigurationPlatforms) = postSolution
		{E64340BC-F7A6-4AD7-88E9-CE04FA9FB25D}.Debug|Any CPU.ActiveCfg = Debug|Any CPU
		{E64340BC-F7A6-4AD7-88E9-CE04FA9FB25D}.Debug|Any CPU.Build.0 = Debug|Any CPU
		{E64340BC-F7A6-4AD7-88E9-CE04FA9FB25D}.Release|Any CPU.ActiveCfg = Release|Any CPU
		{E64340BC-F7A6-4AD7-88E9-CE04FA9FB25D}.Release|Any CPU.Build.0 = Release|Any CPU
		{CDE38180-2724-457D-9374-04A5F347F005}.Debug|Any CPU.ActiveCfg = Debug|Any CPU
		{CDE38180-2724-457D-9374-04A5F347F005}.Debug|Any CPU.Build.0 = Debug|Any CPU
		{CDE38180-2724-457D-9374-04A5F347F005}.Release|Any CPU.ActiveCfg = Release|Any CPU
		{CDE38180-2724-457D-9374-04A5F347F005}.Release|Any CPU.Build.0 = Release|Any CPU
		{E06496E0-EF58-47D3-9726-6889117B1951}.Debug|Any CPU.ActiveCfg = Debug|Any CPU
		{E06496E0-EF58-47D3-9726-6889117B1951}.Debug|Any CPU.Build.0 = Debug|Any CPU
		{E06496E0-EF58-47D3-9726-6889117B1951}.Release|Any CPU.ActiveCfg = Release|Any CPU
		{E06496E0-EF58-47D3-9726-6889117B1951}.Release|Any CPU.Build.0 = Release|Any CPU
		{8604DA06-16F4-44FF-9C6F-0D286A8E6632}.Debug|Any CPU.ActiveCfg = Debug|Any CPU
		{8604DA06-16F4-44FF-9C6F-0D286A8E6632}.Debug|Any CPU.Build.0 = Debug|Any CPU
		{8604DA06-16F4-44FF-9C6F-0D286A8E6632}.Release|Any CPU.ActiveCfg = Release|Any CPU
		{8604DA06-16F4-44FF-9C6F-0D286A8E6632}.Release|Any CPU.Build.0 = Release|Any CPU
		{2D33A5A4-D2B3-4CF6-9C5E-B7BD4FEE30C4}.Debug|Any CPU.ActiveCfg = Debug|Any CPU
		{2D33A5A4-D2B3-4CF6-9C5E-B7BD4FEE30C4}.Debug|Any CPU.Build.0 = Debug|Any CPU
		{2D33A5A4-D2B3-4CF6-9C5E-B7BD4FEE30C4}.Release|Any CPU.ActiveCfg = Release|Any CPU
		{2D33A5A4-D2B3-4CF6-9C5E-B7BD4FEE30C4}.Release|Any CPU.Build.0 = Release|Any CPU
		{7D6541CE-527C-45F7-9AE6-E809A3E68900}.Debug|Any CPU.ActiveCfg = Debug|Any CPU
		{7D6541CE-527C-45F7-9AE6-E809A3E68900}.Debug|Any CPU.Build.0 = Debug|Any CPU
		{7D6541CE-527C-45F7-9AE6-E809A3E68900}.Release|Any CPU.ActiveCfg = Release|Any CPU
		{7D6541CE-527C-45F7-9AE6-E809A3E68900}.Release|Any CPU.Build.0 = Release|Any CPU
		{39CCF17B-32F4-43E5-83D1-57E3AE0A7112}.Debug|Any CPU.ActiveCfg = Debug|Any CPU
		{39CCF17B-32F4-43E5-83D1-57E3AE0A7112}.Debug|Any CPU.Build.0 = Debug|Any CPU
		{39CCF17B-32F4-43E5-83D1-57E3AE0A7112}.Release|Any CPU.ActiveCfg = Release|Any CPU
		{39CCF17B-32F4-43E5-83D1-57E3AE0A7112}.Release|Any CPU.Build.0 = Release|Any CPU
		{04E5876F-AD0B-4636-B3A0-0179BFED8F97}.Debug|Any CPU.ActiveCfg = Debug|Any CPU
		{04E5876F-AD0B-4636-B3A0-0179BFED8F97}.Debug|Any CPU.Build.0 = Debug|Any CPU
		{04E5876F-AD0B-4636-B3A0-0179BFED8F97}.Release|Any CPU.ActiveCfg = Release|Any CPU
		{04E5876F-AD0B-4636-B3A0-0179BFED8F97}.Release|Any CPU.Build.0 = Release|Any CPU
		{20C7B7B5-5CC4-4F4D-9B8C-759E18F967DE}.Debug|Any CPU.ActiveCfg = Debug|Any CPU
		{20C7B7B5-5CC4-4F4D-9B8C-759E18F967DE}.Debug|Any CPU.Build.0 = Debug|Any CPU
		{20C7B7B5-5CC4-4F4D-9B8C-759E18F967DE}.Release|Any CPU.ActiveCfg = Release|Any CPU
		{20C7B7B5-5CC4-4F4D-9B8C-759E18F967DE}.Release|Any CPU.Build.0 = Release|Any CPU
		{28BF0FA9-6708-4F10-95EE-258D5811A3DD}.Debug|Any CPU.ActiveCfg = Debug|Any CPU
		{28BF0FA9-6708-4F10-95EE-258D5811A3DD}.Debug|Any CPU.Build.0 = Debug|Any CPU
		{28BF0FA9-6708-4F10-95EE-258D5811A3DD}.Release|Any CPU.ActiveCfg = Release|Any CPU
		{28BF0FA9-6708-4F10-95EE-258D5811A3DD}.Release|Any CPU.Build.0 = Release|Any CPU
		{B74F72E8-A37F-4724-852F-BF659396031B}.Debug|Any CPU.ActiveCfg = Debug|Any CPU
		{B74F72E8-A37F-4724-852F-BF659396031B}.Debug|Any CPU.Build.0 = Debug|Any CPU
		{B74F72E8-A37F-4724-852F-BF659396031B}.Release|Any CPU.ActiveCfg = Release|Any CPU
		{B74F72E8-A37F-4724-852F-BF659396031B}.Release|Any CPU.Build.0 = Release|Any CPU
		{87A39265-22D3-4E5E-BFD2-F9A1221ACC36}.Debug|Any CPU.ActiveCfg = Debug|Any CPU
		{87A39265-22D3-4E5E-BFD2-F9A1221ACC36}.Debug|Any CPU.Build.0 = Debug|Any CPU
		{87A39265-22D3-4E5E-BFD2-F9A1221ACC36}.Release|Any CPU.ActiveCfg = Release|Any CPU
		{87A39265-22D3-4E5E-BFD2-F9A1221ACC36}.Release|Any CPU.Build.0 = Release|Any CPU
		{0A0254A3-62BD-45DE-9AE6-806C9A83CD1A}.Debug|Any CPU.ActiveCfg = Debug|Any CPU
		{0A0254A3-62BD-45DE-9AE6-806C9A83CD1A}.Debug|Any CPU.Build.0 = Debug|Any CPU
		{0A0254A3-62BD-45DE-9AE6-806C9A83CD1A}.Release|Any CPU.ActiveCfg = Release|Any CPU
		{0A0254A3-62BD-45DE-9AE6-806C9A83CD1A}.Release|Any CPU.Build.0 = Release|Any CPU
		{4489634F-67AA-40D1-B0A6-592293ADAF77}.Debug|Any CPU.ActiveCfg = Debug|Any CPU
		{4489634F-67AA-40D1-B0A6-592293ADAF77}.Debug|Any CPU.Build.0 = Debug|Any CPU
		{4489634F-67AA-40D1-B0A6-592293ADAF77}.Release|Any CPU.ActiveCfg = Release|Any CPU
		{4489634F-67AA-40D1-B0A6-592293ADAF77}.Release|Any CPU.Build.0 = Release|Any CPU
		{DB73A0FF-CFC8-4267-BDF1-23A8F44D9E2D}.Debug|Any CPU.ActiveCfg = Debug|Any CPU
		{DB73A0FF-CFC8-4267-BDF1-23A8F44D9E2D}.Debug|Any CPU.Build.0 = Debug|Any CPU
		{DB73A0FF-CFC8-4267-BDF1-23A8F44D9E2D}.Release|Any CPU.ActiveCfg = Release|Any CPU
		{DB73A0FF-CFC8-4267-BDF1-23A8F44D9E2D}.Release|Any CPU.Build.0 = Release|Any CPU
		{F1F28673-726B-4FF2-93AF-C3170482ABBD}.Debug|Any CPU.ActiveCfg = Debug|Any CPU
		{F1F28673-726B-4FF2-93AF-C3170482ABBD}.Debug|Any CPU.Build.0 = Debug|Any CPU
		{F1F28673-726B-4FF2-93AF-C3170482ABBD}.Release|Any CPU.ActiveCfg = Release|Any CPU
		{F1F28673-726B-4FF2-93AF-C3170482ABBD}.Release|Any CPU.Build.0 = Release|Any CPU
		{F4E31110-07C8-4364-A788-C8F87E9DE17D}.Debug|Any CPU.ActiveCfg = Debug|Any CPU
		{F4E31110-07C8-4364-A788-C8F87E9DE17D}.Debug|Any CPU.Build.0 = Debug|Any CPU
		{F4E31110-07C8-4364-A788-C8F87E9DE17D}.Release|Any CPU.ActiveCfg = Release|Any CPU
		{F4E31110-07C8-4364-A788-C8F87E9DE17D}.Release|Any CPU.Build.0 = Release|Any CPU
		{30FF00AC-1291-42BF-969B-BCBFE1AB0926}.Debug|Any CPU.ActiveCfg = Debug|Any CPU
		{30FF00AC-1291-42BF-969B-BCBFE1AB0926}.Debug|Any CPU.Build.0 = Debug|Any CPU
		{30FF00AC-1291-42BF-969B-BCBFE1AB0926}.Release|Any CPU.ActiveCfg = Release|Any CPU
		{30FF00AC-1291-42BF-969B-BCBFE1AB0926}.Release|Any CPU.Build.0 = Release|Any CPU
		{2532D203-14DA-4777-ADB9-CECF4B10B462}.Debug|Any CPU.ActiveCfg = Debug|Any CPU
		{2532D203-14DA-4777-ADB9-CECF4B10B462}.Debug|Any CPU.Build.0 = Debug|Any CPU
		{2532D203-14DA-4777-ADB9-CECF4B10B462}.Release|Any CPU.ActiveCfg = Release|Any CPU
		{2532D203-14DA-4777-ADB9-CECF4B10B462}.Release|Any CPU.Build.0 = Release|Any CPU
		{18264CBD-8B53-473F-8F75-2C78F538EAB7}.Debug|Any CPU.ActiveCfg = Debug|Any CPU
		{18264CBD-8B53-473F-8F75-2C78F538EAB7}.Debug|Any CPU.Build.0 = Debug|Any CPU
		{18264CBD-8B53-473F-8F75-2C78F538EAB7}.Release|Any CPU.ActiveCfg = Release|Any CPU
		{18264CBD-8B53-473F-8F75-2C78F538EAB7}.Release|Any CPU.Build.0 = Release|Any CPU
		{B8D54DB3-A079-44DE-B49F-84792D3DCF4E}.Debug|Any CPU.ActiveCfg = Debug|Any CPU
		{B8D54DB3-A079-44DE-B49F-84792D3DCF4E}.Debug|Any CPU.Build.0 = Debug|Any CPU
		{B8D54DB3-A079-44DE-B49F-84792D3DCF4E}.Release|Any CPU.ActiveCfg = Release|Any CPU
		{B8D54DB3-A079-44DE-B49F-84792D3DCF4E}.Release|Any CPU.Build.0 = Release|Any CPU
		{19AE23C9-B661-4940-B243-DFA04A4F74F3}.Debug|Any CPU.ActiveCfg = Debug|Any CPU
		{19AE23C9-B661-4940-B243-DFA04A4F74F3}.Debug|Any CPU.Build.0 = Debug|Any CPU
		{19AE23C9-B661-4940-B243-DFA04A4F74F3}.Release|Any CPU.ActiveCfg = Release|Any CPU
		{19AE23C9-B661-4940-B243-DFA04A4F74F3}.Release|Any CPU.Build.0 = Release|Any CPU
		{5ABC7F53-FB3B-41EB-8218-475A2CF5A66E}.Debug|Any CPU.ActiveCfg = Debug|Any CPU
		{5ABC7F53-FB3B-41EB-8218-475A2CF5A66E}.Debug|Any CPU.Build.0 = Debug|Any CPU
		{5ABC7F53-FB3B-41EB-8218-475A2CF5A66E}.Release|Any CPU.ActiveCfg = Release|Any CPU
		{5ABC7F53-FB3B-41EB-8218-475A2CF5A66E}.Release|Any CPU.Build.0 = Release|Any CPU
	EndGlobalSection
	GlobalSection(SolutionProperties) = preSolution
		HideSolutionNode = FALSE
	EndGlobalSection
	GlobalSection(NestedProjects) = preSolution
		{E64340BC-F7A6-4AD7-88E9-CE04FA9FB25D} = {90B39999-651E-4B27-8D72-6357FCAC082D}
		{CDE38180-2724-457D-9374-04A5F347F005} = {90B39999-651E-4B27-8D72-6357FCAC082D}
		{E06496E0-EF58-47D3-9726-6889117B1951} = {90B39999-651E-4B27-8D72-6357FCAC082D}
		{8604DA06-16F4-44FF-9C6F-0D286A8E6632} = {90B39999-651E-4B27-8D72-6357FCAC082D}
		{2D33A5A4-D2B3-4CF6-9C5E-B7BD4FEE30C4} = {90B39999-651E-4B27-8D72-6357FCAC082D}
		{7D6541CE-527C-45F7-9AE6-E809A3E68900} = {90B39999-651E-4B27-8D72-6357FCAC082D}
		{39CCF17B-32F4-43E5-83D1-57E3AE0A7112} = {90B39999-651E-4B27-8D72-6357FCAC082D}
		{04E5876F-AD0B-4636-B3A0-0179BFED8F97} = {90B39999-651E-4B27-8D72-6357FCAC082D}
		{20C7B7B5-5CC4-4F4D-9B8C-759E18F967DE} = {90B39999-651E-4B27-8D72-6357FCAC082D}
		{28BF0FA9-6708-4F10-95EE-258D5811A3DD} = {90B39999-651E-4B27-8D72-6357FCAC082D}
		{B74F72E8-A37F-4724-852F-BF659396031B} = {90B39999-651E-4B27-8D72-6357FCAC082D}
		{87A39265-22D3-4E5E-BFD2-F9A1221ACC36} = {00D45C80-9DE2-4734-8E6F-76E66CDBB0E0}
		{0A0254A3-62BD-45DE-9AE6-806C9A83CD1A} = {00D45C80-9DE2-4734-8E6F-76E66CDBB0E0}
		{4489634F-67AA-40D1-B0A6-592293ADAF77} = {00D45C80-9DE2-4734-8E6F-76E66CDBB0E0}
		{DB73A0FF-CFC8-4267-BDF1-23A8F44D9E2D} = {00D45C80-9DE2-4734-8E6F-76E66CDBB0E0}
		{F1F28673-726B-4FF2-93AF-C3170482ABBD} = {00D45C80-9DE2-4734-8E6F-76E66CDBB0E0}
		{F4E31110-07C8-4364-A788-C8F87E9DE17D} = {2B0DB804-35E8-4347-8571-BA123C39FFD1}
		{30FF00AC-1291-42BF-969B-BCBFE1AB0926} = {2B0DB804-35E8-4347-8571-BA123C39FFD1}
		{2532D203-14DA-4777-ADB9-CECF4B10B462} = {2B0DB804-35E8-4347-8571-BA123C39FFD1}
		{18264CBD-8B53-473F-8F75-2C78F538EAB7} = {2B0DB804-35E8-4347-8571-BA123C39FFD1}
		{B8D54DB3-A079-44DE-B49F-84792D3DCF4E} = {2B0DB804-35E8-4347-8571-BA123C39FFD1}
		{19AE23C9-B661-4940-B243-DFA04A4F74F3} = {2B0DB804-35E8-4347-8571-BA123C39FFD1}
		{5ABC7F53-FB3B-41EB-8218-475A2CF5A66E} = {2B0DB804-35E8-4347-8571-BA123C39FFD1}
	EndGlobalSection
	GlobalSection(ExtensibilityGlobals) = postSolution
		SolutionGuid = {7524477C-4E4B-4F84-84E5-5E6F67EAC82F}
	EndGlobalSection
EndGlobal
